
Microsoft Visual Studio Solution File, Format Version 12.00
# Visual Studio Version 17
VisualStudioVersion = 17.7.34024.191
MinimumVisualStudioVersion = 10.0.40219.1
Project("{FAE04EC0-301F-11D3-BF4B-00C04F79EFBC}") = "MediConecctPro", "MediConecctPro\MediConecctPro.csproj", "{F4CA159A-2D3D-4164-9B3B-4183104043BB}"
EndProject
Project("{FAE04EC0-301F-11D3-BF4B-00C04F79EFBC}") = "MediConnectPro.Bs", "MediConnectPro.Bs\MediConnectPro.Bs.csproj", "{CFC95782-748E-472C-9190-139374F30DB7}"
EndProject
Project("{FAE04EC0-301F-11D3-BF4B-00C04F79EFBC}") = "MediConnectPro.Core", "MediConnectPro.Core\MediConnectPro.Core.csproj", "{5E0BB646-B30A-4AB2-97AC-2363E5391F31}"
EndProject
Global
	GlobalSection(SolutionConfigurationPlatforms) = preSolution
		Debug|Any CPU = Debug|Any CPU
		Release|Any CPU = Release|Any CPU
	EndGlobalSection
	GlobalSection(ProjectConfigurationPlatforms) = postSolution
		{F4CA159A-2D3D-4164-9B3B-4183104043BB}.Debug|Any CPU.ActiveCfg = Debug|Any CPU
		{F4CA159A-2D3D-4164-9B3B-4183104043BB}.Debug|Any CPU.Build.0 = Debug|Any CPU
		{F4CA159A-2D3D-4164-9B3B-4183104043BB}.Release|Any CPU.ActiveCfg = Release|Any CPU
		{F4CA159A-2D3D-4164-9B3B-4183104043BB}.Release|Any CPU.Build.0 = Release|Any CPU
		{CFC95782-748E-472C-9190-139374F30DB7}.Debug|Any CPU.ActiveCfg = Debug|Any CPU
		{CFC95782-748E-472C-9190-139374F30DB7}.Debug|Any CPU.Build.0 = Debug|Any CPU
		{CFC95782-748E-472C-9190-139374F30DB7}.Release|Any CPU.ActiveCfg = Release|Any CPU
		{CFC95782-748E-472C-9190-139374F30DB7}.Release|Any CPU.Build.0 = Release|Any CPU
		{5E0BB646-B30A-4AB2-97AC-2363E5391F31}.Debug|Any CPU.ActiveCfg = Debug|Any CPU
		{5E0BB646-B30A-4AB2-97AC-2363E5391F31}.Debug|Any CPU.Build.0 = Debug|Any CPU
		{5E0BB646-B30A-4AB2-97AC-2363E5391F31}.Release|Any CPU.ActiveCfg = Release|Any CPU
		{5E0BB646-B30A-4AB2-97AC-2363E5391F31}.Release|Any CPU.Build.0 = Release|Any CPU
	EndGlobalSection
	GlobalSection(SolutionProperties) = preSolution
		HideSolutionNode = FALSE
	EndGlobalSection
	GlobalSection(ExtensibilityGlobals) = postSolution
		SolutionGuid = {25DDC565-4002-4653-AA93-1B2036EB5278}
	EndGlobalSection
EndGlobal
